
Microsoft Visual Studio Solution File, Format Version 12.00
# Visual Studio Version 16
VisualStudioVersion = 16.0.30204.135
MinimumVisualStudioVersion = 10.0.40219.1
Project("{FAE04EC0-301F-11D3-BF4B-00C04F79EFBC}") = "sample_6_3", "sample_6_3\sample_6_3.csproj", "{699768DE-B163-4494-8935-0845E17FF91D}"
EndProject
Global
	GlobalSection(SolutionConfigurationPlatforms) = preSolution
		Debug|Any CPU = Debug|Any CPU
		Release|Any CPU = Release|Any CPU
	EndGlobalSection
	GlobalSection(ProjectConfigurationPlatforms) = postSolution
		{699768DE-B163-4494-8935-0845E17FF91D}.Debug|Any CPU.ActiveCfg = Debug|Any CPU
		{699768DE-B163-4494-8935-0845E17FF91D}.Debug|Any CPU.Build.0 = Debug|Any CPU
		{699768DE-B163-4494-8935-0845E17FF91D}.Release|Any CPU.ActiveCfg = Release|Any CPU
		{699768DE-B163-4494-8935-0845E17FF91D}.Release|Any CPU.Build.0 = Release|Any CPU
	EndGlobalSection
	GlobalSection(SolutionProperties) = preSolution
		HideSolutionNode = FALSE
	EndGlobalSection
	GlobalSection(ExtensibilityGlobals) = postSolution
		SolutionGuid = {341E371C-4CC6-4E15-A941-428A4B817FF8}
	EndGlobalSection
EndGlobal
